
Microsoft Visual Studio Solution File, Format Version 12.00
# Visual Studio 15
VisualStudioVersion = 15.0.28307.329
MinimumVisualStudioVersion = 10.0.40219.1
Project("{FAE04EC0-301F-11D3-BF4B-00C04F79EFBC}") = "ItemRestrictor", "ItemRestrictor.csproj", "{D222FE75-984D-4E00-9025-AEE089EBDB96}"
EndProject
Global
	GlobalSection(SolutionConfigurationPlatforms) = preSolution
		Debug|Any CPU = Debug|Any CPU
		Release|Any CPU = Release|Any CPU
	EndGlobalSection
	GlobalSection(ProjectConfigurationPlatforms) = postSolution
		{D222FE75-984D-4E00-9025-AEE089EBDB96}.Debug|Any CPU.ActiveCfg = Debug|Any CPU
		{D222FE75-984D-4E00-9025-AEE089EBDB96}.Debug|Any CPU.Build.0 = Debug|Any CPU
		{D222FE75-984D-4E00-9025-AEE089EBDB96}.Release|Any CPU.ActiveCfg = Release|Any CPU
		{D222FE75-984D-4E00-9025-AEE089EBDB96}.Release|Any CPU.Build.0 = Release|Any CPU
	EndGlobalSection
	GlobalSection(SolutionProperties) = preSolution
		HideSolutionNode = FALSE
	EndGlobalSection
	GlobalSection(ExtensibilityGlobals) = postSolution
		SolutionGuid = {08D7EE26-96FD-49DC-8236-37DD2EFE35FB}
	EndGlobalSection
EndGlobal
